// !$*UTF8*$!
{
	archiveVersion = 1;
	classes = {
	};
	objectVersion = 46;
	objects = {

/* Begin PBXBuildFile section */
		B258CE7315DEDF3C0085C9F0 /* UIKit.framework in Frameworks */ = {isa = PBXBuildFile; fileRef = B258CE7215DEDF3C0085C9F0 /* UIKit.framework */; };
		B258CE7515DEDF3C0085C9F0 /* Foundation.framework in Frameworks */ = {isa = PBXBuildFile; fileRef = B258CE7415DEDF3C0085C9F0 /* Foundation.framework */; };
		B258CE7715DEDF3C0085C9F0 /* CoreGraphics.framework in Frameworks */ = {isa = PBXBuildFile; fileRef = B258CE7615DEDF3C0085C9F0 /* CoreGraphics.framework */; };
		B258CE7D15DEDF3C0085C9F0 /* InfoPlist.strings in Resources */ = {isa = PBXBuildFile; fileRef = B258CE7B15DEDF3C0085C9F0 /* InfoPlist.strings */; };
		B258CE7F15DEDF3C0085C9F0 /* main.m in Sources */ = {isa = PBXBuildFile; fileRef = B258CE7E15DEDF3C0085C9F0 /* main.m */; };
		B258CE8315DEDF3C0085C9F0 /* AppDelegate.m in Sources */ = {isa = PBXBuildFile; fileRef = B258CE8215DEDF3C0085C9F0 /* AppDelegate.m */; };
		B258CE8615DEDF3C0085C9F0 /* ViewController.m in Sources */ = {isa = PBXBuildFile; fileRef = B258CE8515DEDF3C0085C9F0 /* ViewController.m */; };
		B258CE8915DEDF3C0085C9F0 /* ViewController.xib in Resources */ = {isa = PBXBuildFile; fileRef = B258CE8715DEDF3C0085C9F0 /* ViewController.xib */; };
		B258CE9015DEDF4A0085C9F0 /* AVFoundation.framework in Frameworks */ = {isa = PBXBuildFile; fileRef = B258CE8F15DEDF4A0085C9F0 /* AVFoundation.framework */; };
		B2BE508815DF06F100469532 /* PowerOff~iphone.png in Resources */ = {isa = PBXBuildFile; fileRef = B2BE508415DF06F100469532 /* PowerOff~iphone.png */; };
		B2BE508915DF06F100469532 /* PowerOff@2x~iphone.png in Resources */ = {isa = PBXBuildFile; fileRef = B2BE508515DF06F100469532 /* PowerOff@2x~iphone.png */; };
		B2BE508A15DF06F100469532 /* PowerOn~iphone.png in Resources */ = {isa = PBXBuildFile; fileRef = B2BE508615DF06F100469532 /* PowerOn~iphone.png */; };
		B2BE508B15DF06F100469532 /* PowerOn@2x~iphone.png in Resources */ = {isa = PBXBuildFile; fileRef = B2BE508715DF06F100469532 /* PowerOn@2x~iphone.png */; };
		B2BE508D15DF22A600469532 /* Icon@2x.png in Resources */ = {isa = PBXBuildFile; fileRef = B2BE508C15DF22A600469532 /* Icon@2x.png */; };
		B2BE508F15DF22D500469532 /* Icon.png in Resources */ = {isa = PBXBuildFile; fileRef = B2BE508E15DF22D500469532 /* Icon.png */; };
		B2BE509215DF252300469532 /* Click.wav in Resources */ = {isa = PBXBuildFile; fileRef = B2BE509115DF252300469532 /* Click.wav */; };
		B2BE509715DF2A6B00469532 /* lock~iphone.png in Resources */ = {isa = PBXBuildFile; fileRef = B2BE509315DF2A6B00469532 /* lock~iphone.png */; };
		B2BE509815DF2A6B00469532 /* lock@2x~iphone.png in Resources */ = {isa = PBXBuildFile; fileRef = B2BE509415DF2A6B00469532 /* lock@2x~iphone.png */; };
		B2BE509915DF2A6B00469532 /* unlock~iphone.png in Resources */ = {isa = PBXBuildFile; fileRef = B2BE509515DF2A6B00469532 /* unlock~iphone.png */; };
		B2BE509A15DF2A6B00469532 /* unlock@2x~iphone.png in Resources */ = {isa = PBXBuildFile; fileRef = B2BE509615DF2A6B00469532 /* unlock@2x~iphone.png */; };
		B2BE509C15DF315300469532 /* Locking.wav in Resources */ = {isa = PBXBuildFile; fileRef = B2BE509B15DF315200469532 /* Locking.wav */; };
		B2BE509E15DF335500469532 /* Carlock.wav in Resources */ = {isa = PBXBuildFile; fileRef = B2BE509D15DF335500469532 /* Carlock.wav */; };
/* End PBXBuildFile section */

/* Begin PBXFileReference section */
		B258CE6E15DEDF3C0085C9F0 /* Hal Flashlight.app */ = {isa = PBXFileReference; explicitFileType = wrapper.application; includeInIndex = 0; path = "Hal Flashlight.app"; sourceTree = BUILT_PRODUCTS_DIR; };
		B258CE7215DEDF3C0085C9F0 /* UIKit.framework */ = {isa = PBXFileReference; lastKnownFileType = wrapper.framework; name = UIKit.framework; path = System/Library/Frameworks/UIKit.framework; sourceTree = SDKROOT; };
		B258CE7415DEDF3C0085C9F0 /* Foundation.framework */ = {isa = PBXFileReference; lastKnownFileType = wrapper.framework; name = Foundation.framework; path = System/Library/Frameworks/Foundation.framework; sourceTree = SDKROOT; };
		B258CE7615DEDF3C0085C9F0 /* CoreGraphics.framework */ = {isa = PBXFileReference; lastKnownFileType = wrapper.framework; name = CoreGraphics.framework; path = System/Library/Frameworks/CoreGraphics.framework; sourceTree = SDKROOT; };
		B258CE7A15DEDF3C0085C9F0 /* Hal Flashlight-Info.plist */ = {isa = PBXFileReference; lastKnownFileType = text.plist.xml; path = "Hal Flashlight-Info.plist"; sourceTree = "<group>"; };
		B258CE7C15DEDF3C0085C9F0 /* en */ = {isa = PBXFileReference; lastKnownFileType = text.plist.strings; name = en; path = en.lproj/InfoPlist.strings; sourceTree = "<group>"; };
		B258CE7E15DEDF3C0085C9F0 /* main.m */ = {isa = PBXFileReference; lastKnownFileType = sourcecode.c.objc; path = main.m; sourceTree = "<group>"; };
		B258CE8015DEDF3C0085C9F0 /* Hal Flashlight-Prefix.pch */ = {isa = PBXFileReference; lastKnownFileType = sourcecode.c.h; path = "Hal Flashlight-Prefix.pch"; sourceTree = "<group>"; };
		B258CE8115DEDF3C0085C9F0 /* AppDelegate.h */ = {isa = PBXFileReference; lastKnownFileType = sourcecode.c.h; path = AppDelegate.h; sourceTree = "<group>"; };
		B258CE8215DEDF3C0085C9F0 /* AppDelegate.m */ = {isa = PBXFileReference; lastKnownFileType = sourcecode.c.objc; path = AppDelegate.m; sourceTree = "<group>"; };
		B258CE8415DEDF3C0085C9F0 /* ViewController.h */ = {isa = PBXFileReference; lastKnownFileType = sourcecode.c.h; path = ViewController.h; sourceTree = "<group>"; };
		B258CE8515DEDF3C0085C9F0 /* ViewController.m */ = {isa = PBXFileReference; lastKnownFileType = sourcecode.c.objc; path = ViewController.m; sourceTree = "<group>"; };
		B258CE8815DEDF3C0085C9F0 /* en */ = {isa = PBXFileReference; lastKnownFileType = file.xib; name = en; path = en.lproj/ViewController.xib; sourceTree = "<group>"; };
		B258CE8F15DEDF4A0085C9F0 /* AVFoundation.framework */ = {isa = PBXFileReference; lastKnownFileType = wrapper.framework; name = AVFoundation.framework; path = System/Library/Frameworks/AVFoundation.framework; sourceTree = SDKROOT; };
		B2BE508415DF06F100469532 /* PowerOff~iphone.png */ = {isa = PBXFileReference; lastKnownFileType = image.png; path = "PowerOff~iphone.png"; sourceTree = "<group>"; };
		B2BE508515DF06F100469532 /* PowerOff@2x~iphone.png */ = {isa = PBXFileReference; lastKnownFileType = image.png; path = "PowerOff@2x~iphone.png"; sourceTree = "<group>"; };
		B2BE508615DF06F100469532 /* PowerOn~iphone.png */ = {isa = PBXFileReference; lastKnownFileType = image.png; path = "PowerOn~iphone.png"; sourceTree = "<group>"; };
		B2BE508715DF06F100469532 /* PowerOn@2x~iphone.png */ = {isa = PBXFileReference; lastKnownFileType = image.png; path = "PowerOn@2x~iphone.png"; sourceTree = "<group>"; };
		B2BE508C15DF22A600469532 /* Icon@2x.png */ = {isa = PBXFileReference; lastKnownFileType = image.png; path = "Icon@2x.png"; sourceTree = "<group>"; };
		B2BE508E15DF22D500469532 /* Icon.png */ = {isa = PBXFileReference; lastKnownFileType = image.png; path = Icon.png; sourceTree = "<group>"; };
		B2BE509115DF252300469532 /* Click.wav */ = {isa = PBXFileReference; lastKnownFileType = audio.wav; name = Click.wav; path = ../Click.wav; sourceTree = "<group>"; };
		B2BE509315DF2A6B00469532 /* lock~iphone.png */ = {isa = PBXFileReference; lastKnownFileType = image.png; path = "lock~iphone.png"; sourceTree = "<group>"; };
		B2BE509415DF2A6B00469532 /* lock@2x~iphone.png */ = {isa = PBXFileReference; lastKnownFileType = image.png; path = "lock@2x~iphone.png"; sourceTree = "<group>"; };
		B2BE509515DF2A6B00469532 /* unlock~iphone.png */ = {isa = PBXFileReference; lastKnownFileType = image.png; path = "unlock~iphone.png"; sourceTree = "<group>"; };
		B2BE509615DF2A6B00469532 /* unlock@2x~iphone.png */ = {isa = PBXFileReference; lastKnownFileType = image.png; path = "unlock@2x~iphone.png"; sourceTree = "<group>"; };
		B2BE509B15DF315200469532 /* Locking.wav */ = {isa = PBXFileReference; lastKnownFileType = audio.wav; path = Locking.wav; sourceTree = "<group>"; };
		B2BE509D15DF335500469532 /* Carlock.wav */ = {isa = PBXFileReference; lastKnownFileType = audio.wav; path = Carlock.wav; sourceTree = "<group>"; };
/* End PBXFileReference section */

/* Begin PBXFrameworksBuildPhase section */
		B258CE6B15DEDF3C0085C9F0 /* Frameworks */ = {
			isa = PBXFrameworksBuildPhase;
			buildActionMask = 2147483647;
			files = (
				B258CE7315DEDF3C0085C9F0 /* UIKit.framework in Frameworks */,
				B258CE7515DEDF3C0085C9F0 /* Foundation.framework in Frameworks */,
				B258CE7715DEDF3C0085C9F0 /* CoreGraphics.framework in Frameworks */,
				B258CE9015DEDF4A0085C9F0 /* AVFoundation.framework in Frameworks */,
			);
			runOnlyForDeploymentPostprocessing = 0;
		};
/* End PBXFrameworksBuildPhase section */

/* Begin PBXGroup section */
		B258CE6315DEDF3C0085C9F0 = {
			isa = PBXGroup;
			children = (
				B258CE7815DEDF3C0085C9F0 /* Hal Flashlight */,
				B258CE7115DEDF3C0085C9F0 /* Frameworks */,
				B258CE6F15DEDF3C0085C9F0 /* Products */,
			);
			sourceTree = "<group>";
		};
		B258CE6F15DEDF3C0085C9F0 /* Products */ = {
			isa = PBXGroup;
			children = (
				B258CE6E15DEDF3C0085C9F0 /* Hal Flashlight.app */,
			);
			name = Products;
			sourceTree = "<group>";
		};
		B258CE7115DEDF3C0085C9F0 /* Frameworks */ = {
			isa = PBXGroup;
			children = (
				B258CE8F15DEDF4A0085C9F0 /* AVFoundation.framework */,
				B258CE7215DEDF3C0085C9F0 /* UIKit.framework */,
				B258CE7415DEDF3C0085C9F0 /* Foundation.framework */,
				B258CE7615DEDF3C0085C9F0 /* CoreGraphics.framework */,
			);
			name = Frameworks;
			sourceTree = "<group>";
		};
		B258CE7815DEDF3C0085C9F0 /* Hal Flashlight */ = {
			isa = PBXGroup;
			children = (
				B2BE509015DF24FF00469532 /* Sounds */,
				B2BE508315DF06CE00469532 /* Images */,
				B258CE8115DEDF3C0085C9F0 /* AppDelegate.h */,
				B258CE8215DEDF3C0085C9F0 /* AppDelegate.m */,
				B258CE8415DEDF3C0085C9F0 /* ViewController.h */,
				B258CE8515DEDF3C0085C9F0 /* ViewController.m */,
				B258CE8715DEDF3C0085C9F0 /* ViewController.xib */,
				B258CE7915DEDF3C0085C9F0 /* Supporting Files */,
			);
			path = "Hal Flashlight";
			sourceTree = "<group>";
		};
		B258CE7915DEDF3C0085C9F0 /* Supporting Files */ = {
			isa = PBXGroup;
			children = (
				B258CE7A15DEDF3C0085C9F0 /* Hal Flashlight-Info.plist */,
				B258CE7B15DEDF3C0085C9F0 /* InfoPlist.strings */,
				B258CE7E15DEDF3C0085C9F0 /* main.m */,
				B258CE8015DEDF3C0085C9F0 /* Hal Flashlight-Prefix.pch */,
			);
			name = "Supporting Files";
			sourceTree = "<group>";
		};
		B2BE508315DF06CE00469532 /* Images */ = {
			isa = PBXGroup;
			children = (
				B2BE509315DF2A6B00469532 /* lock~iphone.png */,
				B2BE509415DF2A6B00469532 /* lock@2x~iphone.png */,
				B2BE509515DF2A6B00469532 /* unlock~iphone.png */,
				B2BE509615DF2A6B00469532 /* unlock@2x~iphone.png */,
				B2BE508E15DF22D500469532 /* Icon.png */,
				B2BE508C15DF22A600469532 /* Icon@2x.png */,
				B2BE508415DF06F100469532 /* PowerOff~iphone.png */,
				B2BE508515DF06F100469532 /* PowerOff@2x~iphone.png */,
				B2BE508615DF06F100469532 /* PowerOn~iphone.png */,
				B2BE508715DF06F100469532 /* PowerOn@2x~iphone.png */,
			);
			path = Images;
			sourceTree = "<group>";
		};
		B2BE509015DF24FF00469532 /* Sounds */ = {
			isa = PBXGroup;
			children = (
				B2BE509D15DF335500469532 /* Carlock.wav */,
				B2BE509115DF252300469532 /* Click.wav */,
				B2BE509B15DF315200469532 /* Locking.wav */,
			);
			path = Sounds;
			sourceTree = "<group>";
		};
/* End PBXGroup section */

/* Begin PBXNativeTarget section */
		B258CE6D15DEDF3C0085C9F0 /* Hal Flashlight */ = {
			isa = PBXNativeTarget;
			buildConfigurationList = B258CE8C15DEDF3C0085C9F0 /* Build configuration list for PBXNativeTarget "Hal Flashlight" */;
			buildPhases = (
				B258CE6A15DEDF3C0085C9F0 /* Sources */,
				B258CE6B15DEDF3C0085C9F0 /* Frameworks */,
				B258CE6C15DEDF3C0085C9F0 /* Resources */,
			);
			buildRules = (
			);
			dependencies = (
			);
			name = "Hal Flashlight";
			productName = "Hal Flashlight";
			productReference = B258CE6E15DEDF3C0085C9F0 /* Hal Flashlight.app */;
			productType = "com.apple.product-type.application";
		};
/* End PBXNativeTarget section */

/* Begin PBXProject section */
		B258CE6515DEDF3C0085C9F0 /* Project object */ = {
			isa = PBXProject;
			attributes = {
				LastUpgradeCheck = 0440;
				ORGANIZATIONNAME = "Łukasz Balcerzak";
			};
			buildConfigurationList = B258CE6815DEDF3C0085C9F0 /* Build configuration list for PBXProject "Hal Flashlight" */;
			compatibilityVersion = "Xcode 3.2";
			developmentRegion = English;
			hasScannedForEncodings = 0;
			knownRegions = (
				en,
			);
			mainGroup = B258CE6315DEDF3C0085C9F0;
			productRefGroup = B258CE6F15DEDF3C0085C9F0 /* Products */;
			projectDirPath = "";
			projectRoot = "";
			targets = (
				B258CE6D15DEDF3C0085C9F0 /* Hal Flashlight */,
			);
		};
/* End PBXProject section */

/* Begin PBXResourcesBuildPhase section */
		B258CE6C15DEDF3C0085C9F0 /* Resources */ = {
			isa = PBXResourcesBuildPhase;
			buildActionMask = 2147483647;
			files = (
				B258CE7D15DEDF3C0085C9F0 /* InfoPlist.strings in Resources */,
				B258CE8915DEDF3C0085C9F0 /* ViewController.xib in Resources */,
				B2BE508815DF06F100469532 /* PowerOff~iphone.png in Resources */,
				B2BE508915DF06F100469532 /* PowerOff@2x~iphone.png in Resources */,
				B2BE508A15DF06F100469532 /* PowerOn~iphone.png in Resources */,
				B2BE508B15DF06F100469532 /* PowerOn@2x~iphone.png in Resources */,
				B2BE508D15DF22A600469532 /* Icon@2x.png in Resources */,
				B2BE508F15DF22D500469532 /* Icon.png in Resources */,
				B2BE509215DF252300469532 /* Click.wav in Resources */,
				B2BE509715DF2A6B00469532 /* lock~iphone.png in Resources */,
				B2BE509815DF2A6B00469532 /* lock@2x~iphone.png in Resources */,
				B2BE509915DF2A6B00469532 /* unlock~iphone.png in Resources */,
				B2BE509A15DF2A6B00469532 /* unlock@2x~iphone.png in Resources */,
				B2BE509C15DF315300469532 /* Locking.wav in Resources */,
				B2BE509E15DF335500469532 /* Carlock.wav in Resources */,
			);
			runOnlyForDeploymentPostprocessing = 0;
		};
/* End PBXResourcesBuildPhase section */

/* Begin PBXSourcesBuildPhase section */
		B258CE6A15DEDF3C0085C9F0 /* Sources */ = {
			isa = PBXSourcesBuildPhase;
			buildActionMask = 2147483647;
			files = (
				B258CE7F15DEDF3C0085C9F0 /* main.m in Sources */,
				B258CE8315DEDF3C0085C9F0 /* AppDelegate.m in Sources */,
				B258CE8615DEDF3C0085C9F0 /* ViewController.m in Sources */,
			);
			runOnlyForDeploymentPostprocessing = 0;
		};
/* End PBXSourcesBuildPhase section */

/* Begin PBXVariantGroup section */
		B258CE7B15DEDF3C0085C9F0 /* InfoPlist.strings */ = {
			isa = PBXVariantGroup;
			children = (
				B258CE7C15DEDF3C0085C9F0 /* en */,
			);
			name = InfoPlist.strings;
			sourceTree = "<group>";
		};
		B258CE8715DEDF3C0085C9F0 /* ViewController.xib */ = {
			isa = PBXVariantGroup;
			children = (
				B258CE8815DEDF3C0085C9F0 /* en */,
			);
			name = ViewController.xib;
			sourceTree = "<group>";
		};
/* End PBXVariantGroup section */

/* Begin XCBuildConfiguration section */
		B258CE8A15DEDF3C0085C9F0 /* Debug */ = {
			isa = XCBuildConfiguration;
			buildSettings = {
				ALWAYS_SEARCH_USER_PATHS = NO;
				ARCHS = "$(ARCHS_STANDARD_32_BIT)";
				CLANG_CXX_LANGUAGE_STANDARD = "gnu++0x";
				CLANG_ENABLE_OBJC_ARC = YES;
				CLANG_WARN__DUPLICATE_METHOD_MATCH = YES;
				"CODE_SIGN_IDENTITY[sdk=iphoneos*]" = "iPhone Developer";
				COPY_PHASE_STRIP = NO;
				GCC_C_LANGUAGE_STANDARD = gnu99;
				GCC_DYNAMIC_NO_PIC = NO;
				GCC_OPTIMIZATION_LEVEL = 0;
				GCC_PREPROCESSOR_DEFINITIONS = (
					"DEBUG=1",
					"$(inherited)",
				);
				GCC_SYMBOLS_PRIVATE_EXTERN = NO;
				GCC_VERSION = com.apple.compilers.llvm.clang.1_0;
				GCC_WARN_ABOUT_RETURN_TYPE = YES;
				GCC_WARN_UNINITIALIZED_AUTOS = YES;
				GCC_WARN_UNUSED_VARIABLE = YES;
				IPHONEOS_DEPLOYMENT_TARGET = 5.1;
				SDKROOT = iphoneos;
			};
			name = Debug;
		};
		B258CE8B15DEDF3C0085C9F0 /* Release */ = {
			isa = XCBuildConfiguration;
			buildSettings = {
				ALWAYS_SEARCH_USER_PATHS = NO;
				ARCHS = "$(ARCHS_STANDARD_32_BIT)";
				CLANG_CXX_LANGUAGE_STANDARD = "gnu++0x";
				CLANG_ENABLE_OBJC_ARC = YES;
				CLANG_WARN__DUPLICATE_METHOD_MATCH = YES;
				"CODE_SIGN_IDENTITY[sdk=iphoneos*]" = "iPhone Developer";
				COPY_PHASE_STRIP = YES;
				GCC_C_LANGUAGE_STANDARD = gnu99;
				GCC_VERSION = com.apple.compilers.llvm.clang.1_0;
				GCC_WARN_ABOUT_RETURN_TYPE = YES;
				GCC_WARN_UNINITIALIZED_AUTOS = YES;
				GCC_WARN_UNUSED_VARIABLE = YES;
				IPHONEOS_DEPLOYMENT_TARGET = 5.1;
				OTHER_CFLAGS = "-DNS_BLOCK_ASSERTIONS=1";
				SDKROOT = iphoneos;
				VALIDATE_PRODUCT = YES;
			};
			name = Release;
		};
		B258CE8D15DEDF3C0085C9F0 /* Debug */ = {
			isa = XCBuildConfiguration;
			buildSettings = {
				GCC_PRECOMPILE_PREFIX_HEADER = YES;
				GCC_PREFIX_HEADER = "Hal Flashlight/Hal Flashlight-Prefix.pch";
				INFOPLIST_FILE = "Hal Flashlight/Hal Flashlight-Info.plist";
				PRODUCT_NAME = "$(TARGET_NAME)";
				WRAPPER_EXTENSION = app;
			};
			name = Debug;
		};
		B258CE8E15DEDF3C0085C9F0 /* Release */ = {
			isa = XCBuildConfiguration;
			buildSettings = {
				"CODE_SIGN_IDENTITY[sdk=iphoneos*]" = "iPhone Developer: Lukasz Balcerzak (39GHJFL4SY)";
				GCC_PRECOMPILE_PREFIX_HEADER = YES;
				GCC_PREFIX_HEADER = "Hal Flashlight/Hal Flashlight-Prefix.pch";
				INFOPLIST_FILE = "Hal Flashlight/Hal Flashlight-Info.plist";
				PRODUCT_NAME = "$(TARGET_NAME)";
				"PROVISIONING_PROFILE[sdk=iphoneos*]" = "25F8D258-8CEA-42F2-A61D-86556C0AC18C";
				WRAPPER_EXTENSION = app;
			};
			name = Release;
		};
/* End XCBuildConfiguration section */

/* Begin XCConfigurationList section */
		B258CE6815DEDF3C0085C9F0 /* Build configuration list for PBXProject "Hal Flashlight" */ = {
			isa = XCConfigurationList;
			buildConfigurations = (
				B258CE8A15DEDF3C0085C9F0 /* Debug */,
				B258CE8B15DEDF3C0085C9F0 /* Release */,
			);
			defaultConfigurationIsVisible = 0;
			defaultConfigurationName = Release;
		};
		B258CE8C15DEDF3C0085C9F0 /* Build configuration list for PBXNativeTarget "Hal Flashlight" */ = {
			isa = XCConfigurationList;
			buildConfigurations = (
				B258CE8D15DEDF3C0085C9F0 /* Debug */,
				B258CE8E15DEDF3C0085C9F0 /* Release */,
			);
			defaultConfigurationIsVisible = 0;
			defaultConfigurationName = Release;
		};
/* End XCConfigurationList section */
	};
	rootObject = B258CE6515DEDF3C0085C9F0 /* Project object */;
}
